
Microsoft Visual Studio Solution File, Format Version 12.00
# Visual Studio 15
VisualStudioVersion = 15.0.28307.645
MinimumVisualStudioVersion = 10.0.40219.1
Project("{FAE04EC0-301F-11D3-BF4B-00C04F79EFBC}") = "Carlos", "Carlos\Carlos.csproj", "{CD9CDD0E-3737-4F1B-842B-F81DB1A17F98}"
EndProject
Global
	GlobalSection(SolutionConfigurationPlatforms) = preSolution
		Debug|Any CPU = Debug|Any CPU
		Release|Any CPU = Release|Any CPU
	EndGlobalSection
	GlobalSection(ProjectConfigurationPlatforms) = postSolution
		{CD9CDD0E-3737-4F1B-842B-F81DB1A17F98}.Debug|Any CPU.ActiveCfg = Debug|Any CPU
		{CD9CDD0E-3737-4F1B-842B-F81DB1A17F98}.Debug|Any CPU.Build.0 = Debug|Any CPU
		{CD9CDD0E-3737-4F1B-842B-F81DB1A17F98}.Release|Any CPU.ActiveCfg = Release|Any CPU
		{CD9CDD0E-3737-4F1B-842B-F81DB1A17F98}.Release|Any CPU.Build.0 = Release|Any CPU
	EndGlobalSection
	GlobalSection(SolutionProperties) = preSolution
		HideSolutionNode = FALSE
	EndGlobalSection
	GlobalSection(ExtensibilityGlobals) = postSolution
		SolutionGuid = {4902C453-E968-47FB-AA8E-DFCB054CC513}
	EndGlobalSection
EndGlobal
